// !$*UTF8*$!
{
	archiveVersion = 1;
	classes = {
	};
	objectVersion = 56;
	objects = {

/* Begin PBXBuildFile section */
		CDB6E7A229A01393001E5AB6 /* AppDelegate.swift in Sources */ = {isa = PBXBuildFile; fileRef = CDB6E7A129A01393001E5AB6 /* AppDelegate.swift */; };
		CDB6E7A429A01393001E5AB6 /* SceneDelegate.swift in Sources */ = {isa = PBXBuildFile; fileRef = CDB6E7A329A01393001E5AB6 /* SceneDelegate.swift */; };
		CDB6E7A629A01393001E5AB6 /* ViewController.swift in Sources */ = {isa = PBXBuildFile; fileRef = CDB6E7A529A01393001E5AB6 /* ViewController.swift */; };
		CDB6E7A929A01393001E5AB6 /* Main.storyboard in Resources */ = {isa = PBXBuildFile; fileRef = CDB6E7A729A01393001E5AB6 /* Main.storyboard */; };
		CDB6E7AB29A01393001E5AB6 /* Assets.xcassets in Resources */ = {isa = PBXBuildFile; fileRef = CDB6E7AA29A01393001E5AB6 /* Assets.xcassets */; };
		CDB6E7AE29A01393001E5AB6 /* LaunchScreen.storyboard in Resources */ = {isa = PBXBuildFile; fileRef = CDB6E7AC29A01393001E5AB6 /* LaunchScreen.storyboard */; };
		CDB6E7BC29A015BE001E5AB6 /* G.wav in Resources */ = {isa = PBXBuildFile; fileRef = CDB6E7B529A015BE001E5AB6 /* G.wav */; };
		CDB6E7BD29A015BE001E5AB6 /* C.wav in Resources */ = {isa = PBXBuildFile; fileRef = CDB6E7B629A015BE001E5AB6 /* C.wav */; };
		CDB6E7BE29A015BE001E5AB6 /* A.wav in Resources */ = {isa = PBXBuildFile; fileRef = CDB6E7B729A015BE001E5AB6 /* A.wav */; };
		CDB6E7BF29A015BE001E5AB6 /* E.wav in Resources */ = {isa = PBXBuildFile; fileRef = CDB6E7B829A015BE001E5AB6 /* E.wav */; };
		CDB6E7C029A015BE001E5AB6 /* B.wav in Resources */ = {isa = PBXBuildFile; fileRef = CDB6E7B929A015BE001E5AB6 /* B.wav */; };
		CDB6E7C129A015BE001E5AB6 /* F.wav in Resources */ = {isa = PBXBuildFile; fileRef = CDB6E7BA29A015BE001E5AB6 /* F.wav */; };
		CDB6E7C229A015BF001E5AB6 /* D.wav in Resources */ = {isa = PBXBuildFile; fileRef = CDB6E7BB29A015BE001E5AB6 /* D.wav */; };
/* End PBXBuildFile section */

/* Begin PBXFileReference section */
		CDB6E79E29A01393001E5AB6 /* xylophone.app */ = {isa = PBXFileReference; explicitFileType = wrapper.application; includeInIndex = 0; path = xylophone.app; sourceTree = BUILT_PRODUCTS_DIR; };
		CDB6E7A129A01393001E5AB6 /* AppDelegate.swift */ = {isa = PBXFileReference; lastKnownFileType = sourcecode.swift; path = AppDelegate.swift; sourceTree = "<group>"; };
		CDB6E7A329A01393001E5AB6 /* SceneDelegate.swift */ = {isa = PBXFileReference; lastKnownFileType = sourcecode.swift; path = SceneDelegate.swift; sourceTree = "<group>"; };
		CDB6E7A529A01393001E5AB6 /* ViewController.swift */ = {isa = PBXFileReference; lastKnownFileType = sourcecode.swift; path = ViewController.swift; sourceTree = "<group>"; };
		CDB6E7A829A01393001E5AB6 /* Base */ = {isa = PBXFileReference; lastKnownFileType = file.storyboard; name = Base; path = Base.lproj/Main.storyboard; sourceTree = "<group>"; };
		CDB6E7AA29A01393001E5AB6 /* Assets.xcassets */ = {isa = PBXFileReference; lastKnownFileType = folder.assetcatalog; path = Assets.xcassets; sourceTree = "<group>"; };
		CDB6E7AD29A01393001E5AB6 /* Base */ = {isa = PBXFileReference; lastKnownFileType = file.storyboard; name = Base; path = Base.lproj/LaunchScreen.storyboard; sourceTree = "<group>"; };
		CDB6E7AF29A01393001E5AB6 /* Info.plist */ = {isa = PBXFileReference; lastKnownFileType = text.plist.xml; path = Info.plist; sourceTree = "<group>"; };
		CDB6E7B529A015BE001E5AB6 /* G.wav */ = {isa = PBXFileReference; lastKnownFileType = audio.wav; path = G.wav; sourceTree = "<group>"; };
		CDB6E7B629A015BE001E5AB6 /* C.wav */ = {isa = PBXFileReference; lastKnownFileType = audio.wav; path = C.wav; sourceTree = "<group>"; };
		CDB6E7B729A015BE001E5AB6 /* A.wav */ = {isa = PBXFileReference; lastKnownFileType = audio.wav; path = A.wav; sourceTree = "<group>"; };
		CDB6E7B829A015BE001E5AB6 /* E.wav */ = {isa = PBXFileReference; lastKnownFileType = audio.wav; path = E.wav; sourceTree = "<group>"; };
		CDB6E7B929A015BE001E5AB6 /* B.wav */ = {isa = PBXFileReference; lastKnownFileType = audio.wav; path = B.wav; sourceTree = "<group>"; };
		CDB6E7BA29A015BE001E5AB6 /* F.wav */ = {isa = PBXFileReference; lastKnownFileType = audio.wav; path = F.wav; sourceTree = "<group>"; };
		CDB6E7BB29A015BE001E5AB6 /* D.wav */ = {isa = PBXFileReference; lastKnownFileType = audio.wav; path = D.wav; sourceTree = "<group>"; };
/* End PBXFileReference section */

/* Begin PBXFrameworksBuildPhase section */
		CDB6E79B29A01393001E5AB6 /* Frameworks */ = {
			isa = PBXFrameworksBuildPhase;
			buildActionMask = 2147483647;
			files = (
			);
			runOnlyForDeploymentPostprocessing = 0;
		};
/* End PBXFrameworksBuildPhase section */

/* Begin PBXGroup section */
		CDB6E79529A01393001E5AB6 = {
			isa = PBXGroup;
			children = (
				CDB6E7A029A01393001E5AB6 /* xylophone */,
				CDB6E79F29A01393001E5AB6 /* Products */,
			);
			sourceTree = "<group>";
		};
		CDB6E79F29A01393001E5AB6 /* Products */ = {
			isa = PBXGroup;
			children = (
				CDB6E79E29A01393001E5AB6 /* xylophone.app */,
			);
			name = Products;
			sourceTree = "<group>";
		};
		CDB6E7A029A01393001E5AB6 /* xylophone */ = {
			isa = PBXGroup;
			children = (
				CDB6E7A129A01393001E5AB6 /* AppDelegate.swift */,
				CDB6E7A329A01393001E5AB6 /* SceneDelegate.swift */,
				CDB6E7A529A01393001E5AB6 /* ViewController.swift */,
				CDB6E7A729A01393001E5AB6 /* Main.storyboard */,
				CDB6E7AA29A01393001E5AB6 /* Assets.xcassets */,
				CDB6E7AC29A01393001E5AB6 /* LaunchScreen.storyboard */,
				CDB6E7AF29A01393001E5AB6 /* Info.plist */,
				CDB6E7C329A024DB001E5AB6 /* Sounds */,
			);
			path = xylophone;
			sourceTree = "<group>";
		};
		CDB6E7C329A024DB001E5AB6 /* Sounds */ = {
			isa = PBXGroup;
			children = (
				CDB6E7B729A015BE001E5AB6 /* A.wav */,
				CDB6E7B929A015BE001E5AB6 /* B.wav */,
				CDB6E7B629A015BE001E5AB6 /* C.wav */,
				CDB6E7BB29A015BE001E5AB6 /* D.wav */,
				CDB6E7B829A015BE001E5AB6 /* E.wav */,
				CDB6E7BA29A015BE001E5AB6 /* F.wav */,
				CDB6E7B529A015BE001E5AB6 /* G.wav */,
			);
			path = Sounds;
			sourceTree = "<group>";
		};
/* End PBXGroup section */

/* Begin PBXNativeTarget section */
		CDB6E79D29A01393001E5AB6 /* xylophone */ = {
			isa = PBXNativeTarget;
			buildConfigurationList = CDB6E7B229A01393001E5AB6 /* Build configuration list for PBXNativeTarget "xylophone" */;
			buildPhases = (
				CDB6E79A29A01393001E5AB6 /* Sources */,
				CDB6E79B29A01393001E5AB6 /* Frameworks */,
				CDB6E79C29A01393001E5AB6 /* Resources */,
			);
			buildRules = (
			);
			dependencies = (
			);
			name = xylophone;
			productName = xylophone;
			productReference = CDB6E79E29A01393001E5AB6 /* xylophone.app */;
			productType = "com.apple.product-type.application";
		};
/* End PBXNativeTarget section */

/* Begin PBXProject section */
		CDB6E79629A01393001E5AB6 /* Project object */ = {
			isa = PBXProject;
			attributes = {
				BuildIndependentTargetsInParallel = 1;
				LastSwiftUpdateCheck = 1420;
				LastUpgradeCheck = 1420;
				TargetAttributes = {
					CDB6E79D29A01393001E5AB6 = {
						CreatedOnToolsVersion = 14.2;
					};
				};
			};
			buildConfigurationList = CDB6E79929A01393001E5AB6 /* Build configuration list for PBXProject "xylophone" */;
			compatibilityVersion = "Xcode 14.0";
			developmentRegion = en;
			hasScannedForEncodings = 0;
			knownRegions = (
				en,
				Base,
			);
			mainGroup = CDB6E79529A01393001E5AB6;
			productRefGroup = CDB6E79F29A01393001E5AB6 /* Products */;
			projectDirPath = "";
			projectRoot = "";
			targets = (
				CDB6E79D29A01393001E5AB6 /* xylophone */,
			);
		};
/* End PBXProject section */

/* Begin PBXResourcesBuildPhase section */
		CDB6E79C29A01393001E5AB6 /* Resources */ = {
			isa = PBXResourcesBuildPhase;
			buildActionMask = 2147483647;
			files = (
				CDB6E7BE29A015BE001E5AB6 /* A.wav in Resources */,
				CDB6E7BC29A015BE001E5AB6 /* G.wav in Resources */,
				CDB6E7AE29A01393001E5AB6 /* LaunchScreen.storyboard in Resources */,
				CDB6E7C129A015BE001E5AB6 /* F.wav in Resources */,
				CDB6E7C029A015BE001E5AB6 /* B.wav in Resources */,
				CDB6E7AB29A01393001E5AB6 /* Assets.xcassets in Resources */,
				CDB6E7A929A01393001E5AB6 /* Main.storyboard in Resources */,
				CDB6E7C229A015BF001E5AB6 /* D.wav in Resources */,
				CDB6E7BF29A015BE001E5AB6 /* E.wav in Resources */,
				CDB6E7BD29A015BE001E5AB6 /* C.wav in Resources */,
			);
			runOnlyForDeploymentPostprocessing = 0;
		};
/* End PBXResourcesBuildPhase section */

/* Begin PBXSourcesBuildPhase section */
		CDB6E79A29A01393001E5AB6 /* Sources */ = {
			isa = PBXSourcesBuildPhase;
			buildActionMask = 2147483647;
			files = (
				CDB6E7A629A01393001E5AB6 /* ViewController.swift in Sources */,
				CDB6E7A229A01393001E5AB6 /* AppDelegate.swift in Sources */,
				CDB6E7A429A01393001E5AB6 /* SceneDelegate.swift in Sources */,
			);
			runOnlyForDeploymentPostprocessing = 0;
		};
/* End PBXSourcesBuildPhase section */

/* Begin PBXVariantGroup section */
		CDB6E7A729A01393001E5AB6 /* Main.storyboard */ = {
			isa = PBXVariantGroup;
			children = (
				CDB6E7A829A01393001E5AB6 /* Base */,
			);
			name = Main.storyboard;
			sourceTree = "<group>";
		};
		CDB6E7AC29A01393001E5AB6 /* LaunchScreen.storyboard */ = {
			isa = PBXVariantGroup;
			children = (
				CDB6E7AD29A01393001E5AB6 /* Base */,
			);
			name = LaunchScreen.storyboard;
			sourceTree = "<group>";
		};
/* End PBXVariantGroup section */

/* Begin XCBuildConfiguration section */
		CDB6E7B029A01393001E5AB6 /* Debug */ = {
			isa = XCBuildConfiguration;
			buildSettings = {
				ALWAYS_SEARCH_USER_PATHS = NO;
				CLANG_ANALYZER_NONNULL = YES;
				CLANG_ANALYZER_NUMBER_OBJECT_CONVERSION = YES_AGGRESSIVE;
				CLANG_CXX_LANGUAGE_STANDARD = "gnu++20";
				CLANG_ENABLE_MODULES = YES;
				CLANG_ENABLE_OBJC_ARC = YES;
				CLANG_ENABLE_OBJC_WEAK = YES;
				CLANG_WARN_BLOCK_CAPTURE_AUTORELEASING = YES;
				CLANG_WARN_BOOL_CONVERSION = YES;
				CLANG_WARN_COMMA = YES;
				CLANG_WARN_CONSTANT_CONVERSION = YES;
				CLANG_WARN_DEPRECATED_OBJC_IMPLEMENTATIONS = YES;
				CLANG_WARN_DIRECT_OBJC_ISA_USAGE = YES_ERROR;
				CLANG_WARN_DOCUMENTATION_COMMENTS = YES;
				CLANG_WARN_EMPTY_BODY = YES;
				CLANG_WARN_ENUM_CONVERSION = YES;
				CLANG_WARN_INFINITE_RECURSION = YES;
				CLANG_WARN_INT_CONVERSION = YES;
				CLANG_WARN_NON_LITERAL_NULL_CONVERSION = YES;
				CLANG_WARN_OBJC_IMPLICIT_RETAIN_SELF = YES;
				CLANG_WARN_OBJC_LITERAL_CONVERSION = YES;
				CLANG_WARN_OBJC_ROOT_CLASS = YES_ERROR;
				CLANG_WARN_QUOTED_INCLUDE_IN_FRAMEWORK_HEADER = YES;
				CLANG_WARN_RANGE_LOOP_ANALYSIS = YES;
				CLANG_WARN_STRICT_PROTOTYPES = YES;
				CLANG_WARN_SUSPICIOUS_MOVE = YES;
				CLANG_WARN_UNGUARDED_AVAILABILITY = YES_AGGRESSIVE;
				CLANG_WARN_UNREACHABLE_CODE = YES;
				CLANG_WARN__DUPLICATE_METHOD_MATCH = YES;
				COPY_PHASE_STRIP = NO;
				DEBUG_INFORMATION_FORMAT = dwarf;
				ENABLE_STRICT_OBJC_MSGSEND = YES;
				ENABLE_TESTABILITY = YES;
				GCC_C_LANGUAGE_STANDARD = gnu11;
				GCC_DYNAMIC_NO_PIC = NO;
				GCC_NO_COMMON_BLOCKS = YES;
				GCC_OPTIMIZATION_LEVEL = 0;
				GCC_PREPROCESSOR_DEFINITIONS = (
					"DEBUG=1",
					"$(inherited)",
				);
				GCC_WARN_64_TO_32_BIT_CONVERSION = YES;
				GCC_WARN_ABOUT_RETURN_TYPE = YES_ERROR;
				GCC_WARN_UNDECLARED_SELECTOR = YES;
				GCC_WARN_UNINITIALIZED_AUTOS = YES_AGGRESSIVE;
				GCC_WARN_UNUSED_FUNCTION = YES;
				GCC_WARN_UNUSED_VARIABLE = YES;
				IPHONEOS_DEPLOYMENT_TARGET = 16.2;
				MTL_ENABLE_DEBUG_INFO = INCLUDE_SOURCE;
				MTL_FAST_MATH = YES;
				ONLY_ACTIVE_ARCH = YES;
				SDKROOT = iphoneos;
				SWIFT_ACTIVE_COMPILATION_CONDITIONS = DEBUG;
				SWIFT_OPTIMIZATION_LEVEL = "-Onone";
			};
			name = Debug;
		};
		CDB6E7B129A01393001E5AB6 /* Release */ = {
			isa = XCBuildConfiguration;
			buildSettings = {
				ALWAYS_SEARCH_USER_PATHS = NO;
				CLANG_ANALYZER_NONNULL = YES;
				CLANG_ANALYZER_NUMBER_OBJECT_CONVERSION = YES_AGGRESSIVE;
				CLANG_CXX_LANGUAGE_STANDARD = "gnu++20";
				CLANG_ENABLE_MODULES = YES;
				CLANG_ENABLE_OBJC_ARC = YES;
				CLANG_ENABLE_OBJC_WEAK = YES;
				CLANG_WARN_BLOCK_CAPTURE_AUTORELEASING = YES;
				CLANG_WARN_BOOL_CONVERSION = YES;
				CLANG_WARN_COMMA = YES;
				CLANG_WARN_CONSTANT_CONVERSION = YES;
				CLANG_WARN_DEPRECATED_OBJC_IMPLEMENTATIONS = YES;
				CLANG_WARN_DIRECT_OBJC_ISA_USAGE = YES_ERROR;
				CLANG_WARN_DOCUMENTATION_COMMENTS = YES;
				CLANG_WARN_EMPTY_BODY = YES;
				CLANG_WARN_ENUM_CONVERSION = YES;
				CLANG_WARN_INFINITE_RECURSION = YES;
				CLANG_WARN_INT_CONVERSION = YES;
				CLANG_WARN_NON_LITERAL_NULL_CONVERSION = YES;
				CLANG_WARN_OBJC_IMPLICIT_RETAIN_SELF = YES;
				CLANG_WARN_OBJC_LITERAL_CONVERSION = YES;
				CLANG_WARN_OBJC_ROOT_CLASS = YES_ERROR;
				CLANG_WARN_QUOTED_INCLUDE_IN_FRAMEWORK_HEADER = YES;
				CLANG_WARN_RANGE_LOOP_ANALYSIS = YES;
				CLANG_WARN_STRICT_PROTOTYPES = YES;
				CLANG_WARN_SUSPICIOUS_MOVE = YES;
				CLANG_WARN_UNGUARDED_AVAILABILITY = YES_AGGRESSIVE;
				CLANG_WARN_UNREACHABLE_CODE = YES;
				CLANG_WARN__DUPLICATE_METHOD_MATCH = YES;
				COPY_PHASE_STRIP = NO;
				DEBUG_INFORMATION_FORMAT = "dwarf-with-dsym";
				ENABLE_NS_ASSERTIONS = NO;
				ENABLE_STRICT_OBJC_MSGSEND = YES;
				GCC_C_LANGUAGE_STANDARD = gnu11;
				GCC_NO_COMMON_BLOCKS = YES;
				GCC_WARN_64_TO_32_BIT_CONVERSION = YES;
				GCC_WARN_ABOUT_RETURN_TYPE = YES_ERROR;
				GCC_WARN_UNDECLARED_SELECTOR = YES;
				GCC_WARN_UNINITIALIZED_AUTOS = YES_AGGRESSIVE;
				GCC_WARN_UNUSED_FUNCTION = YES;
				GCC_WARN_UNUSED_VARIABLE = YES;
				IPHONEOS_DEPLOYMENT_TARGET = 16.2;
				MTL_ENABLE_DEBUG_INFO = NO;
				MTL_FAST_MATH = YES;
				SDKROOT = iphoneos;
				SWIFT_COMPILATION_MODE = wholemodule;
				SWIFT_OPTIMIZATION_LEVEL = "-O";
				VALIDATE_PRODUCT = YES;
			};
			name = Release;
		};
		CDB6E7B329A01393001E5AB6 /* Debug */ = {
			isa = XCBuildConfiguration;
			buildSettings = {
				ASSETCATALOG_COMPILER_APPICON_NAME = AppIcon;
				ASSETCATALOG_COMPILER_GLOBAL_ACCENT_COLOR_NAME = AccentColor;
				CODE_SIGN_STYLE = Automatic;
				CURRENT_PROJECT_VERSION = 1;
				GENERATE_INFOPLIST_FILE = YES;
				INFOPLIST_FILE = xylophone/Info.plist;
				INFOPLIST_KEY_UIApplicationSupportsIndirectInputEvents = YES;
				INFOPLIST_KEY_UILaunchStoryboardName = LaunchScreen;
				INFOPLIST_KEY_UIMainStoryboardFile = Main;
				INFOPLIST_KEY_UISupportedInterfaceOrientations = UIInterfaceOrientationPortrait;
				LD_RUNPATH_SEARCH_PATHS = (
					"$(inherited)",
					"@executable_path/Frameworks",
				);
				MARKETING_VERSION = 1.0;
				PRODUCT_BUNDLE_IDENTIFIER = com.iosDevMo.xylophone;
				PRODUCT_NAME = "$(TARGET_NAME)";
				SWIFT_EMIT_LOC_STRINGS = YES;
				SWIFT_VERSION = 5.0;
				TARGETED_DEVICE_FAMILY = "1,2";
			};
			name = Debug;
		};
		CDB6E7B429A01393001E5AB6 /* Release */ = {
			isa = XCBuildConfiguration;
			buildSettings = {
				ASSETCATALOG_COMPILER_APPICON_NAME = AppIcon;
				ASSETCATALOG_COMPILER_GLOBAL_ACCENT_COLOR_NAME = AccentColor;
				CODE_SIGN_STYLE = Automatic;
				CURRENT_PROJECT_VERSION = 1;
				GENERATE_INFOPLIST_FILE = YES;
				INFOPLIST_FILE = xylophone/Info.plist;
				INFOPLIST_KEY_UIApplicationSupportsIndirectInputEvents = YES;
				INFOPLIST_KEY_UILaunchStoryboardName = LaunchScreen;
				INFOPLIST_KEY_UIMainStoryboardFile = Main;
				INFOPLIST_KEY_UISupportedInterfaceOrientations = UIInterfaceOrientationPortrait;
				LD_RUNPATH_SEARCH_PATHS = (
					"$(inherited)",
					"@executable_path/Frameworks",
				);
				MARKETING_VERSION = 1.0;
				PRODUCT_BUNDLE_IDENTIFIER = com.iosDevMo.xylophone;
				PRODUCT_NAME = "$(TARGET_NAME)";
				SWIFT_EMIT_LOC_STRINGS = YES;
				SWIFT_VERSION = 5.0;
				TARGETED_DEVICE_FAMILY = "1,2";
			};
			name = Release;
		};
/* End XCBuildConfiguration section */

/* Begin XCConfigurationList section */
		CDB6E79929A01393001E5AB6 /* Build configuration list for PBXProject "xylophone" */ = {
			isa = XCConfigurationList;
			buildConfigurations = (
				CDB6E7B029A01393001E5AB6 /* Debug */,
				CDB6E7B129A01393001E5AB6 /* Release */,
			);
			defaultConfigurationIsVisible = 0;
			defaultConfigurationName = Release;
		};
		CDB6E7B229A01393001E5AB6 /* Build configuration list for PBXNativeTarget "xylophone" */ = {
			isa = XCConfigurationList;
			buildConfigurations = (
				CDB6E7B329A01393001E5AB6 /* Debug */,
				CDB6E7B429A01393001E5AB6 /* Release */,
			);
			defaultConfigurationIsVisible = 0;
			defaultConfigurationName = Release;
		};
/* End XCConfigurationList section */
	};
	rootObject = CDB6E79629A01393001E5AB6 /* Project object */;
}
